
Microsoft Visual Studio Solution File, Format Version 12.00
# Visual Studio 15
VisualStudioVersion = 15.0.28306.52
MinimumVisualStudioVersion = 10.0.40219.1
Project("{FAE04EC0-301F-11D3-BF4B-00C04F79EFBC}") = "WorkOutApp", "WorkOutApp\WorkOutApp.csproj", "{BC3EC460-59B6-44D6-83CE-5FCB4EB40538}"
EndProject
Global
	GlobalSection(SolutionConfigurationPlatforms) = preSolution
		Debug|Any CPU = Debug|Any CPU
		Release|Any CPU = Release|Any CPU
	EndGlobalSection
	GlobalSection(ProjectConfigurationPlatforms) = postSolution
		{BC3EC460-59B6-44D6-83CE-5FCB4EB40538}.Debug|Any CPU.ActiveCfg = Debug|Any CPU
		{BC3EC460-59B6-44D6-83CE-5FCB4EB40538}.Debug|Any CPU.Build.0 = Debug|Any CPU
		{BC3EC460-59B6-44D6-83CE-5FCB4EB40538}.Release|Any CPU.ActiveCfg = Release|Any CPU
		{BC3EC460-59B6-44D6-83CE-5FCB4EB40538}.Release|Any CPU.Build.0 = Release|Any CPU
	EndGlobalSection
	GlobalSection(SolutionProperties) = preSolution
		HideSolutionNode = FALSE
	EndGlobalSection
	GlobalSection(ExtensibilityGlobals) = postSolution
		SolutionGuid = {07399C91-910A-4311-AD3D-E40583F7A32B}
	EndGlobalSection
EndGlobal
